
Microsoft Visual Studio Solution File, Format Version 12.00
# Visual Studio Version 16
VisualStudioVersion = 16.0.32510.428
MinimumVisualStudioVersion = 10.0.40219.1
Project("{9A19103F-16F7-4668-BE54-9A1E7A4F7556}") = "Compro_Intern", "Compro_Intern\Compro_Intern.csproj", "{8D418445-F413-4D80-A09F-C4557A0B1479}"
EndProject
Project("{FAE04EC0-301F-11D3-BF4B-00C04F79EFBC}") = "Intern_TestProject", "Intern_TestProject\Intern_TestProject.csproj", "{72148E49-72B4-4504-B572-F90C11804D0B}"
EndProject
Global
	GlobalSection(SolutionConfigurationPlatforms) = preSolution
		Debug|Any CPU = Debug|Any CPU
		Release|Any CPU = Release|Any CPU
	EndGlobalSection
	GlobalSection(ProjectConfigurationPlatforms) = postSolution
		{8D418445-F413-4D80-A09F-C4557A0B1479}.Debug|Any CPU.ActiveCfg = Debug|Any CPU
		{8D418445-F413-4D80-A09F-C4557A0B1479}.Debug|Any CPU.Build.0 = Debug|Any CPU
		{8D418445-F413-4D80-A09F-C4557A0B1479}.Release|Any CPU.ActiveCfg = Release|Any CPU
		{8D418445-F413-4D80-A09F-C4557A0B1479}.Release|Any CPU.Build.0 = Release|Any CPU
		{72148E49-72B4-4504-B572-F90C11804D0B}.Debug|Any CPU.ActiveCfg = Debug|Any CPU
		{72148E49-72B4-4504-B572-F90C11804D0B}.Debug|Any CPU.Build.0 = Debug|Any CPU
		{72148E49-72B4-4504-B572-F90C11804D0B}.Release|Any CPU.ActiveCfg = Release|Any CPU
		{72148E49-72B4-4504-B572-F90C11804D0B}.Release|Any CPU.Build.0 = Release|Any CPU
	EndGlobalSection
	GlobalSection(SolutionProperties) = preSolution
		HideSolutionNode = FALSE
	EndGlobalSection
	GlobalSection(ExtensibilityGlobals) = postSolution
		SolutionGuid = {84CDCB56-24BA-491D-8002-C63DE8F699D6}
	EndGlobalSection
EndGlobal
